
Microsoft Visual Studio Solution File, Format Version 12.00
# Visual Studio Version 17
VisualStudioVersion = 17.7.34009.444
MinimumVisualStudioVersion = 10.0.40219.1
Project("{FAE04EC0-301F-11D3-BF4B-00C04F79EFBC}") = "Abstract_Factory", "Abstract_Factory\Abstract_Factory.csproj", "{335A85B9-0473-41E7-BB2B-0BC9D38B76D7}"
EndProject
Global
	GlobalSection(SolutionConfigurationPlatforms) = preSolution
		Debug|Any CPU = Debug|Any CPU
		Release|Any CPU = Release|Any CPU
	EndGlobalSection
	GlobalSection(ProjectConfigurationPlatforms) = postSolution
		{335A85B9-0473-41E7-BB2B-0BC9D38B76D7}.Debug|Any CPU.ActiveCfg = Debug|Any CPU
		{335A85B9-0473-41E7-BB2B-0BC9D38B76D7}.Debug|Any CPU.Build.0 = Debug|Any CPU
		{335A85B9-0473-41E7-BB2B-0BC9D38B76D7}.Release|Any CPU.ActiveCfg = Release|Any CPU
		{335A85B9-0473-41E7-BB2B-0BC9D38B76D7}.Release|Any CPU.Build.0 = Release|Any CPU
	EndGlobalSection
	GlobalSection(SolutionProperties) = preSolution
		HideSolutionNode = FALSE
	EndGlobalSection
	GlobalSection(ExtensibilityGlobals) = postSolution
		SolutionGuid = {C6F9AE16-F549-4BF0-8078-9F8B4EC3D097}
	EndGlobalSection
EndGlobal
